
Microsoft Visual Studio Solution File, Format Version 12.00
# Visual Studio Version 16
VisualStudioVersion = 16.0.31112.23
MinimumVisualStudioVersion = 10.0.40219.1
Project("{FAE04EC0-301F-11D3-BF4B-00C04F79EFBC}") = "CodeWars", "CodeWars\CodeWars.csproj", "{CCAFD136-7A5D-4710-9052-418579743325}"
EndProject
Global
	GlobalSection(SolutionConfigurationPlatforms) = preSolution
		Debug|Any CPU = Debug|Any CPU
		Release|Any CPU = Release|Any CPU
	EndGlobalSection
	GlobalSection(ProjectConfigurationPlatforms) = postSolution
		{CCAFD136-7A5D-4710-9052-418579743325}.Debug|Any CPU.ActiveCfg = Debug|Any CPU
		{CCAFD136-7A5D-4710-9052-418579743325}.Debug|Any CPU.Build.0 = Debug|Any CPU
		{CCAFD136-7A5D-4710-9052-418579743325}.Release|Any CPU.ActiveCfg = Release|Any CPU
		{CCAFD136-7A5D-4710-9052-418579743325}.Release|Any CPU.Build.0 = Release|Any CPU
	EndGlobalSection
	GlobalSection(SolutionProperties) = preSolution
		HideSolutionNode = FALSE
	EndGlobalSection
	GlobalSection(ExtensibilityGlobals) = postSolution
		SolutionGuid = {FD138FC2-1C3B-458A-B48D-2F4BCB2923BF}
	EndGlobalSection
EndGlobal
